
Microsoft Visual Studio Solution File, Format Version 12.00
# Visual Studio Version 16
VisualStudioVersion = 16.0.29201.188
MinimumVisualStudioVersion = 10.0.40219.1
Project("{FAE04EC0-301F-11D3-BF4B-00C04F79EFBC}") = "API", "API\API.csproj", "{098E9580-8C54-4BEE-B36D-AAC9D33CDEEF}"
EndProject
Project("{FAE04EC0-301F-11D3-BF4B-00C04F79EFBC}") = "WebClient", "WebClient\WebClient.csproj", "{FC6E8933-1975-496E-8200-9BFAE1CD82D6}"
EndProject
Global
	GlobalSection(SolutionConfigurationPlatforms) = preSolution
		Debug|Any CPU = Debug|Any CPU
		Release|Any CPU = Release|Any CPU
	EndGlobalSection
	GlobalSection(ProjectConfigurationPlatforms) = postSolution
		{098E9580-8C54-4BEE-B36D-AAC9D33CDEEF}.Debug|Any CPU.ActiveCfg = Debug|Any CPU
		{098E9580-8C54-4BEE-B36D-AAC9D33CDEEF}.Debug|Any CPU.Build.0 = Debug|Any CPU
		{098E9580-8C54-4BEE-B36D-AAC9D33CDEEF}.Release|Any CPU.ActiveCfg = Release|Any CPU
		{098E9580-8C54-4BEE-B36D-AAC9D33CDEEF}.Release|Any CPU.Build.0 = Release|Any CPU
		{FC6E8933-1975-496E-8200-9BFAE1CD82D6}.Debug|Any CPU.ActiveCfg = Debug|Any CPU
		{FC6E8933-1975-496E-8200-9BFAE1CD82D6}.Debug|Any CPU.Build.0 = Debug|Any CPU
		{FC6E8933-1975-496E-8200-9BFAE1CD82D6}.Release|Any CPU.ActiveCfg = Release|Any CPU
		{FC6E8933-1975-496E-8200-9BFAE1CD82D6}.Release|Any CPU.Build.0 = Release|Any CPU
	EndGlobalSection
	GlobalSection(SolutionProperties) = preSolution
		HideSolutionNode = FALSE
	EndGlobalSection
	GlobalSection(ExtensibilityGlobals) = postSolution
		SolutionGuid = {2F7CD2C8-FD76-41C6-99EF-E06125FAFD4D}
	EndGlobalSection
EndGlobal
